
Microsoft Visual Studio Solution File, Format Version 12.00
Project("{FAE04EC0-301F-11D3-BF4B-00C04F79EFBC}") = "MindboxTestTask", "MindboxTestTask\MindboxTestTask.csproj", "{10254968-2467-4A53-B457-3ED74365BF80}"
EndProject
Project("{FAE04EC0-301F-11D3-BF4B-00C04F79EFBC}") = "TestMindboxTestTask", "TestMindboxTestTask\TestMindboxTestTask.csproj", "{373EC75C-AAD5-4AD2-903D-841955FBB2C2}"
EndProject
Global
	GlobalSection(SolutionConfigurationPlatforms) = preSolution
		Debug|Any CPU = Debug|Any CPU
		Release|Any CPU = Release|Any CPU
	EndGlobalSection
	GlobalSection(ProjectConfigurationPlatforms) = postSolution
		{10254968-2467-4A53-B457-3ED74365BF80}.Debug|Any CPU.ActiveCfg = Debug|Any CPU
		{10254968-2467-4A53-B457-3ED74365BF80}.Debug|Any CPU.Build.0 = Debug|Any CPU
		{10254968-2467-4A53-B457-3ED74365BF80}.Release|Any CPU.ActiveCfg = Release|Any CPU
		{10254968-2467-4A53-B457-3ED74365BF80}.Release|Any CPU.Build.0 = Release|Any CPU
		{373EC75C-AAD5-4AD2-903D-841955FBB2C2}.Debug|Any CPU.ActiveCfg = Debug|Any CPU
		{373EC75C-AAD5-4AD2-903D-841955FBB2C2}.Debug|Any CPU.Build.0 = Debug|Any CPU
		{373EC75C-AAD5-4AD2-903D-841955FBB2C2}.Release|Any CPU.ActiveCfg = Release|Any CPU
		{373EC75C-AAD5-4AD2-903D-841955FBB2C2}.Release|Any CPU.Build.0 = Release|Any CPU
	EndGlobalSection
EndGlobal
